
Microsoft Visual Studio Solution File, Format Version 12.00
# Visual Studio 2013
VisualStudioVersion = 12.0.31101.0
MinimumVisualStudioVersion = 10.0.40219.1
Project("{FAE04EC0-301F-11D3-BF4B-00C04F79EFBC}") = "TreasureHunt", "TreasureHunt\TreasureHunt.csproj", "{0A70574C-E595-47B0-9978-40E38B6700D0}"
EndProject
Project("{FAE04EC0-301F-11D3-BF4B-00C04F79EFBC}") = "TreasureHunt.Core", "TreasureHunt.Core\TreasureHunt.Core.csproj", "{5C2D5432-73C2-4F92-9EBF-B8B827D4FF6C}"
EndProject
Project("{FAE04EC0-301F-11D3-BF4B-00C04F79EFBC}") = "TreasureHunt.Tests", "TreasureHunt.Tests\TreasureHunt.Tests.csproj", "{DAD1FFFB-7D55-42FA-94F6-212E5D491CBA}"
EndProject
Global
	GlobalSection(SolutionConfigurationPlatforms) = preSolution
		Debug|Any CPU = Debug|Any CPU
		Release|Any CPU = Release|Any CPU
	EndGlobalSection
	GlobalSection(ProjectConfigurationPlatforms) = postSolution
		{0A70574C-E595-47B0-9978-40E38B6700D0}.Debug|Any CPU.ActiveCfg = Debug|Any CPU
		{0A70574C-E595-47B0-9978-40E38B6700D0}.Debug|Any CPU.Build.0 = Debug|Any CPU
		{0A70574C-E595-47B0-9978-40E38B6700D0}.Release|Any CPU.ActiveCfg = Release|Any CPU
		{0A70574C-E595-47B0-9978-40E38B6700D0}.Release|Any CPU.Build.0 = Release|Any CPU
		{5C2D5432-73C2-4F92-9EBF-B8B827D4FF6C}.Debug|Any CPU.ActiveCfg = Debug|Any CPU
		{5C2D5432-73C2-4F92-9EBF-B8B827D4FF6C}.Debug|Any CPU.Build.0 = Debug|Any CPU
		{5C2D5432-73C2-4F92-9EBF-B8B827D4FF6C}.Release|Any CPU.ActiveCfg = Release|Any CPU
		{5C2D5432-73C2-4F92-9EBF-B8B827D4FF6C}.Release|Any CPU.Build.0 = Release|Any CPU
		{DAD1FFFB-7D55-42FA-94F6-212E5D491CBA}.Debug|Any CPU.ActiveCfg = Debug|Any CPU
		{DAD1FFFB-7D55-42FA-94F6-212E5D491CBA}.Debug|Any CPU.Build.0 = Debug|Any CPU
		{DAD1FFFB-7D55-42FA-94F6-212E5D491CBA}.Release|Any CPU.ActiveCfg = Release|Any CPU
		{DAD1FFFB-7D55-42FA-94F6-212E5D491CBA}.Release|Any CPU.Build.0 = Release|Any CPU
	EndGlobalSection
	GlobalSection(SolutionProperties) = preSolution
		HideSolutionNode = FALSE
	EndGlobalSection
EndGlobal
